{
  "name": "node-red-contrib-open-protocol",
  "version": "1.0.1",
  "lockfileVersion": 1,
  "requires": true,
  "dependencies": {
    "node-open-protocol": {
      "version": "1.0.0",
      "resolved": "https://registry.npmjs.org/node-open-protocol/-/node-open-protocol-1.0.0.tgz",
      "integrity": "sha512-SlowlqsBnuKqa0M5I6+Z3J/Sj+6lyhISDwU5P3alaVrMMRPKwRNexZ6cuC0dj21BfnQm1Lez6EAlc+WtPJ5Mbw=="
    }
  }
}
